# THIS IS AN AUTOGENERATED FILE. DO NOT EDIT THIS FILE DIRECTLY.
# yarn lockfile v1


"@babel/code-frame@^7.0.0", "@babel/code-frame@^7.14.5":
  version "7.14.5"
  dependencies:
    "@babel/highlight" "^7.14.5"

"@babel/code-frame@7.12.11":
  version "7.12.11"
  dependencies:
    "@babel/highlight" "^7.10.4"

"@babel/compat-data@^7.15.0":
  version "7.15.0"

"@babel/core@^7.0.0", "@babel/core@^7.12.16", "@babel/core@>=7.11.0":
  version "7.15.5"
  dependencies:
    "@babel/code-frame" "^7.14.5"
    "@babel/generator" "^7.15.4"
    "@babel/helper-compilation-targets" "^7.15.4"
    "@babel/helper-module-transforms" "^7.15.4"
    "@babel/helpers" "^7.15.4"
    "@babel/parser" "^7.15.5"
    "@babel/template" "^7.15.4"
    "@babel/traverse" "^7.15.4"
    "@babel/types" "^7.15.4"
    convert-source-map "^1.7.0"
    debug "^4.1.0"
    gensync "^1.0.0-beta.2"
    json5 "^2.1.2"
    semver "^6.3.0"
    source-map "^0.5.0"

"@babel/eslint-parser@^7.12.16":
  version "7.15.7"
  dependencies:
    eslint-scope "^5.1.1"
    eslint-visitor-keys "^2.1.0"
    semver "^6.3.0"

"@babel/generator@^7.15.4":
  version "7.15.4"
  dependencies:
    "@babel/types" "^7.15.4"
    jsesc "^2.5.1"
    source-map "^0.5.0"

"@babel/helper-compilation-targets@^7.15.4":
  version "7.15.4"
  dependencies:
    "@babel/compat-data" "^7.15.0"
    "@babel/helper-validator-option" "^7.14.5"
    browserslist "^4.16.6"
    semver "^6.3.0"

"@babel/helper-function-name@^7.15.4":
  version "7.15.4"
  dependencies:
    "@babel/helper-get-function-arity" "^7.15.4"
    "@babel/template" "^7.15.4"
    "@babel/types" "^7.15.4"

"@babel/helper-get-function-arity@^7.15.4":
  version "7.15.4"
  dependencies:
    "@babel/types" "^7.15.4"

"@babel/helper-hoist-variables@^7.15.4":
  version "7.15.4"
  dependencies:
    "@babel/types" "^7.15.4"

"@babel/helper-member-expression-to-functions@^7.15.4":
  version "7.15.4"
  dependencies:
    "@babel/types" "^7.15.4"

"@babel/helper-module-imports@^7.15.4":
  version "7.15.4"
  dependencies:
    "@babel/types" "^7.15.4"

"@babel/helper-module-transforms@^7.15.4":
  version "7.15.7"
  dependencies:
    "@babel/helper-module-imports" "^7.15.4"
    "@babel/helper-replace-supers" "^7.15.4"
    "@babel/helper-simple-access" "^7.15.4"
    "@babel/helper-split-export-declaration" "^7.15.4"
    "@babel/helper-validator-identifier" "^7.15.7"
    "@babel/template" "^7.15.4"
    "@babel/traverse" "^7.15.4"
    "@babel/types" "^7.15.6"

"@babel/helper-optimise-call-expression@^7.15.4":
  version "7.15.4"
  dependencies:
    "@babel/types" "^7.15.4"

"@babel/helper-replace-supers@^7.15.4":
  version "7.15.4"
  dependencies:
    "@babel/helper-member-expression-to-functions" "^7.15.4"
    "@babel/helper-optimise-call-expression" "^7.15.4"
    "@babel/traverse" "^7.15.4"
    "@babel/types" "^7.15.4"

"@babel/helper-simple-access@^7.15.4":
  version "7.15.4"
  dependencies:
    "@babel/types" "^7.15.4"

"@babel/helper-split-export-declaration@^7.15.4":
  version "7.15.4"
  dependencies:
    "@babel/types" "^7.15.4"

"@babel/helper-validator-identifier@^7.14.5", "@babel/helper-validator-identifier@^7.14.9", "@babel/helper-validator-identifier@^7.15.7":
  version "7.15.7"

"@babel/helper-validator-option@^7.14.5":
  version "7.14.5"

"@babel/helpers@^7.15.4":
  version "7.15.4"
  dependencies:
    "@babel/template" "^7.15.4"
    "@babel/traverse" "^7.15.4"
    "@babel/types" "^7.15.4"

"@babel/highlight@^7.10.4", "@babel/highlight@^7.14.5":
  version "7.14.5"
  dependencies:
    "@babel/helper-validator-identifier" "^7.14.5"
    chalk "^2.0.0"
    js-tokens "^4.0.0"

"@babel/parser@^7.15.4", "@babel/parser@^7.15.5":
  version "7.15.7"

"@babel/template@^7.15.4":
  version "7.15.4"
  dependencies:
    "@babel/code-frame" "^7.14.5"
    "@babel/parser" "^7.15.4"
    "@babel/types" "^7.15.4"

"@babel/traverse@^7.15.4":
  version "7.15.4"
  dependencies:
    "@babel/code-frame" "^7.14.5"
    "@babel/generator" "^7.15.4"
    "@babel/helper-function-name" "^7.15.4"
    "@babel/helper-hoist-variables" "^7.15.4"
    "@babel/helper-split-export-declaration" "^7.15.4"
    "@babel/parser" "^7.15.4"
    "@babel/types" "^7.15.4"
    debug "^4.1.0"
    globals "^11.1.0"

"@babel/types@^7.15.4", "@babel/types@^7.15.6":
  version "7.15.6"
  dependencies:
    "@babel/helper-validator-identifier" "^7.14.9"
    to-fast-properties "^2.0.0"

"@commitlint/cli@^12.1.4":
  version "12.1.4"
  dependencies:
    "@commitlint/format" "^12.1.4"
    "@commitlint/lint" "^12.1.4"
    "@commitlint/load" "^12.1.4"
    "@commitlint/read" "^12.1.4"
    "@commitlint/types" "^12.1.4"
    lodash "^4.17.19"
    resolve-from "5.0.0"
    resolve-global "1.0.0"
    yargs "^16.2.0"

"@commitlint/config-conventional@^12.1.4":
  version "12.1.4"
  dependencies:
    conventional-changelog-conventionalcommits "^4.3.1"

"@commitlint/ensure@^12.1.4":
  version "12.1.4"
  dependencies:
    "@commitlint/types" "^12.1.4"
    lodash "^4.17.19"

"@commitlint/execute-rule@^12.1.4":
  version "12.1.4"

"@commitlint/format@^12.1.4":
  version "12.1.4"
  dependencies:
    "@commitlint/types" "^12.1.4"
    chalk "^4.0.0"

"@commitlint/is-ignored@^12.1.4":
  version "12.1.4"
  dependencies:
    "@commitlint/types" "^12.1.4"
    semver "7.3.5"

"@commitlint/lint@^12.1.4":
  version "12.1.4"
  dependencies:
    "@commitlint/is-ignored" "^12.1.4"
    "@commitlint/parse" "^12.1.4"
    "@commitlint/rules" "^12.1.4"
    "@commitlint/types" "^12.1.4"

"@commitlint/load@^12.1.4":
  version "12.1.4"
  dependencies:
    "@commitlint/execute-rule" "^12.1.4"
    "@commitlint/resolve-extends" "^12.1.4"
    "@commitlint/types" "^12.1.4"
    chalk "^4.0.0"
    cosmiconfig "^7.0.0"
    lodash "^4.17.19"
    resolve-from "^5.0.0"

"@commitlint/message@^12.1.4":
  version "12.1.4"

"@commitlint/parse@^12.1.4":
  version "12.1.4"
  dependencies:
    "@commitlint/types" "^12.1.4"
    conventional-changelog-angular "^5.0.11"
    conventional-commits-parser "^3.0.0"

"@commitlint/read@^12.1.4":
  version "12.1.4"
  dependencies:
    "@commitlint/top-level" "^12.1.4"
    "@commitlint/types" "^12.1.4"
    fs-extra "^9.0.0"
    git-raw-commits "^2.0.0"

"@commitlint/resolve-extends@^12.1.4":
  version "12.1.4"
  dependencies:
    import-fresh "^3.0.0"
    lodash "^4.17.19"
    resolve-from "^5.0.0"
    resolve-global "^1.0.0"

"@commitlint/rules@^12.1.4":
  version "12.1.4"
  dependencies:
    "@commitlint/ensure" "^12.1.4"
    "@commitlint/message" "^12.1.4"
    "@commitlint/to-lines" "^12.1.4"
    "@commitlint/types" "^12.1.4"

"@commitlint/to-lines@^12.1.4":
  version "12.1.4"

"@commitlint/top-level@^12.1.4":
  version "12.1.4"
  dependencies:
    find-up "^5.0.0"

"@commitlint/types@^12.1.4":
  version "12.1.4"
  dependencies:
    chalk "^4.0.0"

"@cspotcode/source-map-support@^0.8.0":
  version "0.8.1"
  dependencies:
    "@jridgewell/trace-mapping" "0.3.9"

"@eslint/eslintrc@^0.4.3":
  version "0.4.3"
  dependencies:
    ajv "^6.12.4"
    debug "^4.1.1"
    espree "^7.3.0"
    globals "^13.9.0"
    ignore "^4.0.6"
    import-fresh "^3.2.1"
    js-yaml "^3.13.1"
    minimatch "^3.0.4"
    strip-json-comments "^3.1.1"

"@humanwhocodes/config-array@^0.5.0":
  version "0.5.0"
  dependencies:
    "@humanwhocodes/object-schema" "^1.2.0"
    debug "^4.1.1"
    minimatch "^3.0.4"

"@humanwhocodes/object-schema@^1.2.0":
  version "1.2.0"

"@jridgewell/resolve-uri@^3.0.3":
  version "3.1.0"

"@jridgewell/sourcemap-codec@^1.4.10":
  version "1.4.14"

"@jridgewell/trace-mapping@0.3.9":
  version "0.3.9"
  dependencies:
    "@jridgewell/resolve-uri" "^3.0.3"
    "@jridgewell/sourcemap-codec" "^1.4.10"

"@nodelib/fs.scandir@2.1.5":
  version "2.1.5"
  dependencies:
    "@nodelib/fs.stat" "2.0.5"
    run-parallel "^1.1.9"

"@nodelib/fs.stat@^2.0.2", "@nodelib/fs.stat@2.0.5":
  version "2.0.5"

"@nodelib/fs.walk@^1.2.3":
  version "1.2.8"
  dependencies:
    "@nodelib/fs.scandir" "2.1.5"
    fastq "^1.6.0"

"@oclif/color@^1.0.4":
  version "1.0.4"
  dependencies:
    ansi-styles "^4.2.1"
    chalk "^4.1.0"
    strip-ansi "^6.0.1"
    supports-color "^8.1.1"
    tslib "^2"

"@oclif/core@^2.6.2", "@oclif/core@^2.8.0", "@oclif/core@^2.8.2":
  version "2.9.3"
  resolved "https://bluescape.jfrog.io/artifactory/api/npm/bluescape-repo/@oclif/core/-/core-2.9.3.tgz"
  integrity sha512-0KLiVpXCJivAjLoj/LAXQf85MtGzyforyPkgNJQEP6QQugnuq2kHcG+DojWEQYz0sADXT2259EdPibslEThUMg==
  dependencies:
    "@types/cli-progress" "^3.11.0"
    ansi-escapes "^4.3.2"
    ansi-styles "^4.3.0"
    cardinal "^2.1.1"
    chalk "^4.1.2"
    clean-stack "^3.0.1"
    cli-progress "^3.12.0"
    debug "^4.3.4"
    ejs "^3.1.8"
    fs-extra "^9.1.0"
    get-package-type "^0.1.0"
    globby "^11.1.0"
    hyperlinker "^1.0.0"
    indent-string "^4.0.0"
    is-wsl "^2.2.0"
    js-yaml "^3.14.1"
    natural-orderby "^2.0.3"
    object-treeify "^1.1.33"
    password-prompt "^1.1.2"
    semver "^7.5.3"
    slice-ansi "^4.0.0"
    string-width "^4.2.3"
    strip-ansi "^6.0.1"
    supports-color "^8.1.1"
    supports-hyperlinks "^2.2.0"
    ts-node "^10.9.1"
    tslib "^2.5.0"
    widest-line "^3.1.0"
    wordwrap "^1.0.0"
    wrap-ansi "^7.0.0"

"@oclif/plugin-help@^5.2.8":
  version "5.2.8"
  dependencies:
    "@oclif/core" "^2.6.2"

"@oclif/plugin-plugins@^2.4.7":
  version "2.4.7"
  dependencies:
    "@oclif/color" "^1.0.4"
    "@oclif/core" "^2.8.2"
    chalk "^4.1.2"
    debug "^4.3.4"
    fs-extra "^9.0"
    http-call "^5.2.2"
    load-json-file "^5.3.0"
    npm-run-path "^4.0.1"
    semver "^7.5.0"
    tslib "^2.4.1"
    yarn "^1.22.18"

"@oclif/test@^2.3.15":
  version "2.3.15"
  dependencies:
    "@oclif/core" "^2.8.0"
    fancy-test "^2.0.18"

"@sinonjs/commons@^1.6.0", "@sinonjs/commons@^1.7.0", "@sinonjs/commons@^1.8.3":
  version "1.8.3"
  dependencies:
    type-detect "4.0.8"

"@sinonjs/fake-timers@^7.0.4", "@sinonjs/fake-timers@^7.1.0", "@sinonjs/fake-timers@^7.1.2":
  version "7.1.2"
  dependencies:
    "@sinonjs/commons" "^1.7.0"

"@sinonjs/samsam@^6.0.2":
  version "6.0.2"
  dependencies:
    "@sinonjs/commons" "^1.6.0"
    lodash.get "^4.4.2"
    type-detect "^4.0.8"

"@sinonjs/text-encoding@^0.7.1":
  version "0.7.1"

"@tsconfig/node10@^1.0.7":
  version "1.0.9"

"@tsconfig/node12@^1.0.7":
  version "1.0.11"

"@tsconfig/node14@^1.0.0":
  version "1.0.3"

"@tsconfig/node16@^1.0.2":
  version "1.0.3"

"@tsd/typescript@~4.9.3":
  version "4.9.3"

"@types/ansi-styles@^3.2.1":
  version "3.2.1"
  dependencies:
    "@types/color-name" "*"

"@types/benchmark@^2.1.2":
  version "2.1.2"

"@types/chai-as-promised@^7.1.5":
  version "7.1.5"
  dependencies:
    "@types/chai" "*"

"@types/chai@*", "@types/chai@^4.3.4":
  version "4.3.4"

"@types/clean-stack@^2.1.1":
  version "2.1.1"
  dependencies:
    clean-stack "*"

"@types/cli-progress@^3.11.0":
  version "3.11.0"
  dependencies:
    "@types/node" "*"

"@types/color-name@*":
  version "1.1.1"

"@types/ejs@^3.1.2":
  version "3.1.2"

"@types/eslint@^7.2.13":
  version "7.29.0"
  dependencies:
    "@types/estree" "*"
    "@types/json-schema" "*"

"@types/estree@*":
  version "1.0.0"

"@types/fs-extra@^9.0.13":
  version "9.0.13"
  dependencies:
    "@types/node" "*"

"@types/glob@*":
  version "7.2.0"
  dependencies:
    "@types/minimatch" "*"
    "@types/node" "*"

"@types/indent-string@^4.0.1":
  version "4.0.1"
  dependencies:
    indent-string "*"

"@types/js-yaml@^3.12.7":
  version "3.12.7"

"@types/json-schema@*", "@types/json-schema@^7.0.7":
  version "7.0.11"

"@types/lodash@*":
  version "4.14.182"

"@types/minimatch@*":
  version "3.0.5"

"@types/minimist@^1.2.0":
  version "1.2.2"

"@types/mocha@^8.2.3":
  version "8.2.3"

"@types/nock@^11.1.0":
  version "11.1.0"
  dependencies:
    nock "*"

"@types/node-notifier@^8.0.2":
  version "8.0.2"
  dependencies:
    "@types/node" "*"

"@types/node@*", "@types/node@^16":
  version "16.18.31"

"@types/normalize-package-data@^2.4.0":
  version "2.4.1"

"@types/parse-json@^4.0.0":
  version "4.0.0"

"@types/proxyquire@^1.3.28":
  version "1.3.28"

"@types/semver@^7.5.0":
  version "7.5.0"

"@types/shelljs@^0.8.11":
  version "0.8.11"
  dependencies:
    "@types/glob" "*"
    "@types/node" "*"

"@types/sinon@*":
  version "10.0.2"
  dependencies:
    "@sinonjs/fake-timers" "^7.1.0"

"@types/slice-ansi@^4.0.0":
  version "4.0.0"

"@types/strip-ansi@^5.2.1":
  version "5.2.1"
  dependencies:
    strip-ansi "*"

"@types/supports-color@^8.1.1":
  version "8.1.1"

"@types/wordwrap@^1.0.1":
  version "1.0.1"

"@types/wrap-ansi@^3.0.0":
  version "3.0.0"

"@typescript-eslint/eslint-plugin@^4.31.2":
  version "4.31.2"
  dependencies:
    "@typescript-eslint/experimental-utils" "4.31.2"
    "@typescript-eslint/scope-manager" "4.31.2"
    debug "^4.3.1"
    functional-red-black-tree "^1.0.1"
    regexpp "^3.1.0"
    semver "^7.3.5"
    tsutils "^3.21.0"

"@typescript-eslint/experimental-utils@4.31.2":
  version "4.31.2"
  dependencies:
    "@types/json-schema" "^7.0.7"
    "@typescript-eslint/scope-manager" "4.31.2"
    "@typescript-eslint/types" "4.31.2"
    "@typescript-eslint/typescript-estree" "4.31.2"
    eslint-scope "^5.1.1"
    eslint-utils "^3.0.0"

"@typescript-eslint/parser@^4.0.0", "@typescript-eslint/parser@^4.31.2":
  version "4.31.2"
  dependencies:
    "@typescript-eslint/scope-manager" "4.31.2"
    "@typescript-eslint/types" "4.31.2"
    "@typescript-eslint/typescript-estree" "4.31.2"
    debug "^4.3.1"

"@typescript-eslint/scope-manager@4.31.2":
  version "4.31.2"
  dependencies:
    "@typescript-eslint/types" "4.31.2"
    "@typescript-eslint/visitor-keys" "4.31.2"

"@typescript-eslint/types@4.31.2":
  version "4.31.2"

"@typescript-eslint/typescript-estree@4.31.2":
  version "4.31.2"
  dependencies:
    "@typescript-eslint/types" "4.31.2"
    "@typescript-eslint/visitor-keys" "4.31.2"
    debug "^4.3.1"
    globby "^11.0.3"
    is-glob "^4.0.1"
    semver "^7.3.5"
    tsutils "^3.21.0"

"@typescript-eslint/visitor-keys@4.31.2":
  version "4.31.2"
  dependencies:
    "@typescript-eslint/types" "4.31.2"
    eslint-visitor-keys "^2.0.0"

"@ungap/promise-all-settled@1.1.2":
  version "1.1.2"

acorn-jsx@^5.3.1:
  version "5.3.2"

acorn-walk@^8.1.1:
  version "8.2.0"

"acorn@^6.0.0 || ^7.0.0 || ^8.0.0", acorn@^7.4.0:
  version "7.4.1"

acorn@^8.4.1:
  version "8.8.0"

ajv@^6.10.0, ajv@^6.12.4:
  version "6.12.6"
  dependencies:
    fast-deep-equal "^3.1.1"
    fast-json-stable-stringify "^2.0.0"
    json-schema-traverse "^0.4.1"
    uri-js "^4.2.2"

ajv@^8.0.1:
  version "8.6.2"
  dependencies:
    fast-deep-equal "^3.1.1"
    json-schema-traverse "^1.0.0"
    require-from-string "^2.0.2"
    uri-js "^4.2.2"

ansi-colors@^4.1.1, ansi-colors@4.1.1:
  version "4.1.1"

ansi-escapes@^3.1.0:
  version "3.2.0"

ansi-escapes@^4.2.1, ansi-escapes@^4.3.2:
  version "4.3.2"
  dependencies:
    type-fest "^0.21.3"

ansi-regex@^3.0.0:
  version "3.0.1"

ansi-regex@^5.0.1:
  version "5.0.1"

ansi-regex@^6.0.0:
  version "6.0.0"

ansi-styles@^3.2.1:
  version "3.2.1"
  dependencies:
    color-convert "^1.9.0"

ansi-styles@^4.0.0, ansi-styles@^4.1.0, ansi-styles@^4.2.1, ansi-styles@^4.3.0:
  version "4.3.0"
  dependencies:
    color-convert "^2.0.1"

ansicolors@~0.3.2:
  version "0.3.2"

anymatch@~3.1.1:
  version "3.1.2"
  dependencies:
    normalize-path "^3.0.0"
    picomatch "^2.0.4"

arg@^4.1.0:
  version "4.1.3"

argparse@^1.0.7:
  version "1.0.10"
  dependencies:
    sprintf-js "~1.0.2"

argparse@^2.0.1:
  version "2.0.1"

array-ify@^1.0.0:
  version "1.0.0"

array-union@^2.1.0:
  version "2.1.0"

arrify@^1.0.1:
  version "1.0.1"

assertion-error@^1.1.0:
  version "1.1.0"

astral-regex@^2.0.0:
  version "2.0.0"

async@^3.2.3:
  version "3.2.4"

at-least-node@^1.0.0:
  version "1.0.0"

balanced-match@^1.0.0:
  version "1.0.2"

benchmark@^2.1.4:
  version "2.1.4"
  dependencies:
    lodash "^4.17.4"
    platform "^1.3.3"

binary-extensions@^2.0.0:
  version "2.2.0"

brace-expansion@^1.1.7:
  version "1.1.11"
  dependencies:
    balanced-match "^1.0.0"
    concat-map "0.0.1"

braces@^3.0.1, braces@~3.0.2:
  version "3.0.2"
  dependencies:
    fill-range "^7.0.1"

browser-stdout@1.3.1:
  version "1.3.1"

browserslist@^4.16.6:
  version "4.17.1"
  dependencies:
    caniuse-lite "^1.0.30001259"
    electron-to-chromium "^1.3.846"
    escalade "^3.1.1"
    nanocolors "^0.1.5"
    node-releases "^1.1.76"

builtin-modules@^3.0.0:
  version "3.2.0"

callsites@^3.0.0:
  version "3.1.0"

camelcase-keys@^6.2.2:
  version "6.2.2"
  dependencies:
    camelcase "^5.3.1"
    map-obj "^4.0.0"
    quick-lru "^4.0.1"

camelcase@^5.3.1:
  version "5.3.1"

camelcase@^6.0.0:
  version "6.2.0"

caniuse-lite@^1.0.30001259:
  version "1.0.30001260"
  dependencies:
    nanocolors "^0.1.0"

cardinal@^2.1.1:
  version "2.1.1"
  dependencies:
    ansicolors "~0.3.2"
    redeyed "~2.1.0"

chai-as-promised@^7.1.1:
  version "7.1.1"
  dependencies:
    check-error "^1.0.2"

chai@^4.3.7, "chai@>= 2.1.2 < 5":
  version "4.3.7"
  dependencies:
    assertion-error "^1.1.0"
    check-error "^1.0.2"
    deep-eql "^4.1.2"
    get-func-name "^2.0.0"
    loupe "^2.3.1"
    pathval "^1.1.1"
    type-detect "^4.0.5"

chalk@^2.0.0:
  version "2.4.2"
  dependencies:
    ansi-styles "^3.2.1"
    escape-string-regexp "^1.0.5"
    supports-color "^5.3.0"

chalk@^4.0.0, chalk@^4.0.2, chalk@^4.1.0, chalk@^4.1.2:
  version "4.1.2"
  dependencies:
    ansi-styles "^4.1.0"
    supports-color "^7.1.0"

check-error@^1.0.2:
  version "1.0.2"

chokidar@3.5.1:
  version "3.5.1"
  dependencies:
    anymatch "~3.1.1"
    braces "~3.0.2"
    glob-parent "~5.1.0"
    is-binary-path "~2.1.0"
    is-glob "~4.0.1"
    normalize-path "~3.0.0"
    readdirp "~3.5.0"
  optionalDependencies:
    fsevents "~2.3.1"

ci-info@^3.2.0:
  version "3.2.0"

clean-regexp@^1.0.0:
  version "1.0.0"
  dependencies:
    escape-string-regexp "^1.0.5"

clean-stack@*:
  version "4.1.0"
  dependencies:
    escape-string-regexp "5.0.0"

clean-stack@^3.0.1:
  version "3.0.1"
  dependencies:
    escape-string-regexp "4.0.0"

cli-progress@^3.12.0:
  version "3.12.0"
  dependencies:
    string-width "^4.2.3"

cliui@^7.0.2:
  version "7.0.4"
  dependencies:
    string-width "^4.2.0"
    strip-ansi "^6.0.0"
    wrap-ansi "^7.0.0"

color-convert@^1.9.0:
  version "1.9.3"
  dependencies:
    color-name "1.1.3"

color-convert@^2.0.1:
  version "2.0.1"
  dependencies:
    color-name "~1.1.4"

color-name@~1.1.4:
  version "1.1.4"

color-name@1.1.3:
  version "1.1.3"

commitlint@^12.1.4:
  version "12.1.4"
  dependencies:
    "@commitlint/cli" "^12.1.4"
    "@commitlint/types" "^12.1.4"

compare-func@^2.0.0:
  version "2.0.0"
  dependencies:
    array-ify "^1.0.0"
    dot-prop "^5.1.0"

concat-map@0.0.1:
  version "0.0.1"

confusing-browser-globals@1.0.10:
  version "1.0.10"

content-type@^1.0.4:
  version "1.0.4"

conventional-changelog-angular@^5.0.11:
  version "5.0.12"
  dependencies:
    compare-func "^2.0.0"
    q "^1.5.1"

conventional-changelog-conventionalcommits@^4.3.1:
  version "4.6.0"
  dependencies:
    compare-func "^2.0.0"
    lodash "^4.17.15"
    q "^1.5.1"

conventional-commits-parser@^3.0.0:
  version "3.2.1"
  dependencies:
    is-text-path "^1.0.1"
    JSONStream "^1.0.4"
    lodash "^4.17.15"
    meow "^8.0.0"
    split2 "^3.0.0"
    through2 "^4.0.0"
    trim-off-newlines "^1.0.0"

convert-source-map@^1.7.0:
  version "1.8.0"
  dependencies:
    safe-buffer "~5.1.1"

cosmiconfig@^7.0.0:
  version "7.0.0"
  dependencies:
    "@types/parse-json" "^4.0.0"
    import-fresh "^3.2.1"
    parse-json "^5.0.0"
    path-type "^4.0.0"
    yaml "^1.10.0"

create-require@^1.1.0:
  version "1.1.1"

cross-spawn@^6.0.5:
  version "6.0.5"
  dependencies:
    nice-try "^1.0.4"
    path-key "^2.0.1"
    semver "^5.5.0"
    shebang-command "^1.2.0"
    which "^1.2.9"

cross-spawn@^7.0.2:
  version "7.0.3"
  dependencies:
    path-key "^3.1.0"
    shebang-command "^2.0.0"
    which "^2.0.1"

dargs@^7.0.0:
  version "7.0.0"

debug@^4.0.1, debug@^4.1.0, debug@^4.1.1, debug@^4.3.1, debug@^4.3.4:
  version "4.3.4"
  dependencies:
    ms "2.1.2"

debug@4.3.1:
  version "4.3.1"
  dependencies:
    ms "2.1.2"

decamelize-keys@^1.1.0:
  version "1.1.0"
  dependencies:
    decamelize "^1.1.0"
    map-obj "^1.0.0"

decamelize@^1.1.0, decamelize@^1.2.0:
  version "1.2.0"

decamelize@^4.0.0:
  version "4.0.0"

deep-eql@^4.1.2:
  version "4.1.2"
  dependencies:
    type-detect "^4.0.0"

deep-is@^0.1.3:
  version "0.1.3"

diff@^4.0.1:
  version "4.0.2"

diff@^5.0.0, diff@5.0.0:
  version "5.0.0"

dir-glob@^3.0.1:
  version "3.0.1"
  dependencies:
    path-type "^4.0.0"

doctrine@^3.0.0:
  version "3.0.0"
  dependencies:
    esutils "^2.0.2"

dot-prop@^5.1.0:
  version "5.3.0"
  dependencies:
    is-obj "^2.0.0"

ejs@^3.1.8:
  version "3.1.8"
  dependencies:
    jake "^10.8.5"

electron-to-chromium@^1.3.846:
  version "1.3.848"

emoji-regex@^8.0.0:
  version "8.0.0"

enquirer@^2.3.5:
  version "2.3.6"
  dependencies:
    ansi-colors "^4.1.1"

error-ex@^1.3.1:
  version "1.3.2"
  dependencies:
    is-arrayish "^0.2.1"

escalade@^3.1.1:
  version "3.1.1"

escape-string-regexp@^1.0.5:
  version "1.0.5"

escape-string-regexp@^4.0.0, escape-string-regexp@4.0.0:
  version "4.0.0"

escape-string-regexp@5.0.0:
  version "5.0.0"

eslint-config-oclif-typescript@^1.0.3:
  version "1.0.3"
  dependencies:
    "@typescript-eslint/eslint-plugin" "^4.31.2"
    "@typescript-eslint/parser" "^4.31.2"
    eslint-config-xo-space "^0.29.0"
    eslint-plugin-mocha "^9.0.0"
    eslint-plugin-node "^11.1.0"

eslint-config-oclif@^4.0.0:
  version "4.0.0"
  dependencies:
    eslint-config-xo-space "^0.27.0"
    eslint-plugin-mocha "^9.0.0"
    eslint-plugin-node "^11.1.0"
    eslint-plugin-unicorn "^36.0.0"

eslint-config-xo-space@^0.27.0:
  version "0.27.0"
  dependencies:
    eslint-config-xo "^0.35.0"

eslint-config-xo-space@^0.29.0:
  version "0.29.0"
  dependencies:
    eslint-config-xo "^0.38.0"

eslint-config-xo@^0.35.0:
  version "0.35.0"
  dependencies:
    confusing-browser-globals "1.0.10"

eslint-config-xo@^0.38.0:
  version "0.38.0"
  dependencies:
    confusing-browser-globals "1.0.10"

eslint-formatter-pretty@^4.1.0:
  version "4.1.0"
  dependencies:
    "@types/eslint" "^7.2.13"
    ansi-escapes "^4.2.1"
    chalk "^4.1.0"
    eslint-rule-docs "^1.1.5"
    log-symbols "^4.0.0"
    plur "^4.0.0"
    string-width "^4.2.0"
    supports-hyperlinks "^2.0.0"

eslint-plugin-es@^3.0.0:
  version "3.0.1"
  dependencies:
    eslint-utils "^2.0.0"
    regexpp "^3.0.0"

eslint-plugin-mocha@^9.0.0:
  version "9.0.0"
  dependencies:
    eslint-utils "^3.0.0"
    ramda "^0.27.1"

eslint-plugin-node@^11.1.0:
  version "11.1.0"
  dependencies:
    eslint-plugin-es "^3.0.0"
    eslint-utils "^2.0.0"
    ignore "^5.1.1"
    minimatch "^3.0.4"
    resolve "^1.10.1"
    semver "^6.1.0"

eslint-plugin-unicorn@^36.0.0:
  version "36.0.0"
  dependencies:
    "@babel/helper-validator-identifier" "^7.14.9"
    ci-info "^3.2.0"
    clean-regexp "^1.0.0"
    eslint-template-visitor "^2.3.2"
    eslint-utils "^3.0.0"
    is-builtin-module "^3.1.0"
    lodash "^4.17.21"
    pluralize "^8.0.0"
    read-pkg-up "^7.0.1"
    regexp-tree "^0.1.23"
    safe-regex "^2.1.1"
    semver "^7.3.5"

eslint-rule-docs@^1.1.5:
  version "1.1.235"

eslint-scope@^5.1.1:
  version "5.1.1"
  dependencies:
    esrecurse "^4.3.0"
    estraverse "^4.1.1"

eslint-template-visitor@^2.3.2:
  version "2.3.2"
  dependencies:
    "@babel/core" "^7.12.16"
    "@babel/eslint-parser" "^7.12.16"
    eslint-visitor-keys "^2.0.0"
    esquery "^1.3.1"
    multimap "^1.1.0"

eslint-utils@^2.0.0:
  version "2.1.0"
  dependencies:
    eslint-visitor-keys "^1.1.0"

eslint-utils@^2.1.0:
  version "2.1.0"
  dependencies:
    eslint-visitor-keys "^1.1.0"

eslint-utils@^3.0.0:
  version "3.0.0"
  dependencies:
    eslint-visitor-keys "^2.0.0"

eslint-visitor-keys@^1.1.0:
  version "1.3.0"

eslint-visitor-keys@^1.3.0:
  version "1.3.0"

eslint-visitor-keys@^2.0.0, eslint-visitor-keys@^2.1.0:
  version "2.1.0"

eslint@*, "eslint@^5.0.0 || ^6.0.0 || ^7.0.0", eslint@^7.32.0, eslint@>=4.19.1, eslint@>=5, eslint@>=5.16.0, eslint@>=7.0.0, eslint@>=7.20.0, eslint@>=7.32.0, eslint@>=7.5.0:
  version "7.32.0"
  dependencies:
    "@babel/code-frame" "7.12.11"
    "@eslint/eslintrc" "^0.4.3"
    "@humanwhocodes/config-array" "^0.5.0"
    ajv "^6.10.0"
    chalk "^4.0.0"
    cross-spawn "^7.0.2"
    debug "^4.0.1"
    doctrine "^3.0.0"
    enquirer "^2.3.5"
    escape-string-regexp "^4.0.0"
    eslint-scope "^5.1.1"
    eslint-utils "^2.1.0"
    eslint-visitor-keys "^2.0.0"
    espree "^7.3.1"
    esquery "^1.4.0"
    esutils "^2.0.2"
    fast-deep-equal "^3.1.3"
    file-entry-cache "^6.0.1"
    functional-red-black-tree "^1.0.1"
    glob-parent "^5.1.2"
    globals "^13.6.0"
    ignore "^4.0.6"
    import-fresh "^3.0.0"
    imurmurhash "^0.1.4"
    is-glob "^4.0.0"
    js-yaml "^3.13.1"
    json-stable-stringify-without-jsonify "^1.0.1"
    levn "^0.4.1"
    lodash.merge "^4.6.2"
    minimatch "^3.0.4"
    natural-compare "^1.4.0"
    optionator "^0.9.1"
    progress "^2.0.0"
    regexpp "^3.1.0"
    semver "^7.2.1"
    strip-ansi "^6.0.0"
    strip-json-comments "^3.1.0"
    table "^6.0.9"
    text-table "^0.2.0"
    v8-compile-cache "^2.0.3"

espree@^7.3.0, espree@^7.3.1:
  version "7.3.1"
  dependencies:
    acorn "^7.4.0"
    acorn-jsx "^5.3.1"
    eslint-visitor-keys "^1.3.0"

esprima@^4.0.0, esprima@~4.0.0:
  version "4.0.1"

esquery@^1.3.1, esquery@^1.4.0:
  version "1.4.0"
  dependencies:
    estraverse "^5.1.0"

esrecurse@^4.3.0:
  version "4.3.0"
  dependencies:
    estraverse "^5.2.0"

estraverse@^4.1.1:
  version "4.3.0"

estraverse@^5.1.0, estraverse@^5.2.0:
  version "5.2.0"

esutils@^2.0.2:
  version "2.0.3"

fancy-test@^2.0.16, fancy-test@^2.0.18:
  version "2.0.18"
  dependencies:
    "@types/chai" "*"
    "@types/lodash" "*"
    "@types/node" "*"
    "@types/sinon" "*"
    lodash "^4.17.13"
    mock-stdin "^1.0.0"
    nock "^13.3.0"
    stdout-stderr "^0.1.9"

fast-deep-equal@^3.1.1, fast-deep-equal@^3.1.3:
  version "3.1.3"

fast-glob@^3.2.9:
  version "3.2.11"
  dependencies:
    "@nodelib/fs.stat" "^2.0.2"
    "@nodelib/fs.walk" "^1.2.3"
    glob-parent "^5.1.2"
    merge2 "^1.3.0"
    micromatch "^4.0.4"

fast-json-stable-stringify@^2.0.0:
  version "2.1.0"

fast-levenshtein@^2.0.6:
  version "2.0.6"

fastq@^1.6.0:
  version "1.11.1"
  dependencies:
    reusify "^1.0.4"

file-entry-cache@^6.0.1:
  version "6.0.1"
  dependencies:
    flat-cache "^3.0.4"

filelist@^1.0.1:
  version "1.0.2"
  dependencies:
    minimatch "^3.0.4"

fill-keys@^1.0.2:
  version "1.0.2"
  dependencies:
    is-object "~1.0.1"
    merge-descriptors "~1.0.0"

fill-range@^7.0.1:
  version "7.0.1"
  dependencies:
    to-regex-range "^5.0.1"

find-up@^4.1.0:
  version "4.1.0"
  dependencies:
    locate-path "^5.0.0"
    path-exists "^4.0.0"

find-up@^5.0.0, find-up@5.0.0:
  version "5.0.0"
  dependencies:
    locate-path "^6.0.0"
    path-exists "^4.0.0"

flat-cache@^3.0.4:
  version "3.0.4"
  dependencies:
    flatted "^3.1.0"
    rimraf "^3.0.2"

flat@^5.0.2:
  version "5.0.2"

flatted@^3.1.0:
  version "3.2.2"

fs-extra@^9.0, fs-extra@^9.0.0, fs-extra@^9.1.0:
  version "9.1.0"
  dependencies:
    at-least-node "^1.0.0"
    graceful-fs "^4.2.0"
    jsonfile "^6.0.1"
    universalify "^2.0.0"

fs.realpath@^1.0.0:
  version "1.0.0"

function-bind@^1.1.1:
  version "1.1.1"

functional-red-black-tree@^1.0.1:
  version "1.0.1"

gensync@^1.0.0-beta.2:
  version "1.0.0-beta.2"

get-caller-file@^2.0.5:
  version "2.0.5"

get-func-name@^2.0.0:
  version "2.0.0"

get-package-type@^0.1.0:
  version "0.1.0"

git-raw-commits@^2.0.0:
  version "2.0.10"
  dependencies:
    dargs "^7.0.0"
    lodash "^4.17.15"
    meow "^8.0.0"
    split2 "^3.0.0"
    through2 "^4.0.0"

glob-parent@^5.1.2, glob-parent@~5.1.0:
  version "5.1.2"
  dependencies:
    is-glob "^4.0.1"

glob@^7.0.0, glob@^7.1.3:
  version "7.1.7"
  dependencies:
    fs.realpath "^1.0.0"
    inflight "^1.0.4"
    inherits "2"
    minimatch "^3.0.4"
    once "^1.3.0"
    path-is-absolute "^1.0.0"

glob@7.1.6:
  version "7.1.6"
  dependencies:
    fs.realpath "^1.0.0"
    inflight "^1.0.4"
    inherits "2"
    minimatch "^3.0.4"
    once "^1.3.0"
    path-is-absolute "^1.0.0"

global-dirs@^0.1.1:
  version "0.1.1"
  dependencies:
    ini "^1.3.4"

globals@^11.1.0:
  version "11.12.0"

globals@^13.6.0, globals@^13.9.0:
  version "13.10.0"
  dependencies:
    type-fest "^0.20.2"

globby@^11.0.1, globby@^11.0.3, globby@^11.1.0:
  version "11.1.0"
  dependencies:
    array-union "^2.1.0"
    dir-glob "^3.0.1"
    fast-glob "^3.2.9"
    ignore "^5.2.0"
    merge2 "^1.4.1"
    slash "^3.0.0"

graceful-fs@^4.1.15, graceful-fs@^4.1.6, graceful-fs@^4.2.0:
  version "4.2.6"

growl@1.10.5:
  version "1.10.5"

hard-rejection@^2.1.0:
  version "2.1.0"

has-flag@^3.0.0:
  version "3.0.0"

has-flag@^4.0.0:
  version "4.0.0"

has@^1.0.3:
  version "1.0.3"
  dependencies:
    function-bind "^1.1.1"

he@1.2.0:
  version "1.2.0"

hosted-git-info@^2.1.4:
  version "2.8.9"

hosted-git-info@^4.0.1:
  version "4.0.2"
  dependencies:
    lru-cache "^6.0.0"

http-call@^5.2.2:
  version "5.3.0"
  dependencies:
    content-type "^1.0.4"
    debug "^4.1.1"
    is-retry-allowed "^1.1.0"
    is-stream "^2.0.0"
    parse-json "^4.0.0"
    tunnel-agent "^0.6.0"

husky@6:
  version "6.0.0"

hyperlinker@^1.0.0:
  version "1.0.0"

ignore@^4.0.6:
  version "4.0.6"

ignore@^5.1.1, ignore@^5.2.0:
  version "5.2.0"

import-fresh@^3.0.0, import-fresh@^3.2.1:
  version "3.3.0"
  dependencies:
    parent-module "^1.0.0"
    resolve-from "^4.0.0"

imurmurhash@^0.1.4:
  version "0.1.4"

indent-string@*:
  version "5.0.0"

indent-string@^4.0.0:
  version "4.0.0"

inflight@^1.0.4:
  version "1.0.6"
  dependencies:
    once "^1.3.0"
    wrappy "1"

inherits@^2.0.3, inherits@2:
  version "2.0.4"

ini@^1.3.4:
  version "1.3.8"

interpret@^1.0.0:
  version "1.4.0"

irregular-plurals@^3.2.0:
  version "3.3.0"

is-arrayish@^0.2.1:
  version "0.2.1"

is-binary-path@~2.1.0:
  version "2.1.0"
  dependencies:
    binary-extensions "^2.0.0"

is-builtin-module@^3.1.0:
  version "3.1.0"
  dependencies:
    builtin-modules "^3.0.0"

is-core-module@^2.2.0:
  version "2.5.0"
  dependencies:
    has "^1.0.3"

is-docker@^2.0.0:
  version "2.2.1"

is-extglob@^2.1.1:
  version "2.1.1"

is-fullwidth-code-point@^2.0.0:
  version "2.0.0"

is-fullwidth-code-point@^3.0.0:
  version "3.0.0"

is-glob@^4.0.0, is-glob@^4.0.1, is-glob@~4.0.1:
  version "4.0.1"
  dependencies:
    is-extglob "^2.1.1"

is-number@^7.0.0:
  version "7.0.0"

is-obj@^2.0.0:
  version "2.0.0"

is-object@~1.0.1:
  version "1.0.2"

is-plain-obj@^1.1.0:
  version "1.1.0"

is-plain-obj@^2.1.0:
  version "2.1.0"

is-retry-allowed@^1.1.0:
  version "1.2.0"

is-stream@^2.0.0:
  version "2.0.1"

is-text-path@^1.0.1:
  version "1.0.1"
  dependencies:
    text-extensions "^1.0.0"

is-unicode-supported@^0.1.0:
  version "0.1.0"

is-wsl@^2.2.0:
  version "2.2.0"
  dependencies:
    is-docker "^2.0.0"

isarray@0.0.1:
  version "0.0.1"

isexe@^2.0.0:
  version "2.0.0"

jake@^10.8.5:
  version "10.8.5"
  dependencies:
    async "^3.2.3"
    chalk "^4.0.2"
    filelist "^1.0.1"
    minimatch "^3.0.4"

js-tokens@^4.0.0:
  version "4.0.0"

js-yaml@^3.13.1, js-yaml@^3.14.1:
  version "3.14.1"
  dependencies:
    argparse "^1.0.7"
    esprima "^4.0.0"

js-yaml@4.0.0:
  version "4.0.0"
  dependencies:
    argparse "^2.0.1"

jsesc@^2.5.1:
  version "2.5.2"

json-parse-better-errors@^1.0.1:
  version "1.0.2"

json-parse-even-better-errors@^2.3.0:
  version "2.3.1"

json-schema-traverse@^0.4.1:
  version "0.4.1"

json-schema-traverse@^1.0.0:
  version "1.0.0"

json-stable-stringify-without-jsonify@^1.0.1:
  version "1.0.1"

json-stringify-safe@^5.0.1:
  version "5.0.1"

json5@^2.1.2:
  version "2.2.2"

jsonfile@^6.0.1:
  version "6.1.0"
  dependencies:
    universalify "^2.0.0"
  optionalDependencies:
    graceful-fs "^4.1.6"

jsonparse@^1.2.0:
  version "1.3.1"

JSONStream@^1.0.4:
  version "1.3.5"
  dependencies:
    jsonparse "^1.2.0"
    through ">=2.2.7 <3"

just-extend@^4.0.2:
  version "4.2.1"

kind-of@^6.0.3:
  version "6.0.3"

levn@^0.4.1:
  version "0.4.1"
  dependencies:
    prelude-ls "^1.2.1"
    type-check "~0.4.0"

lines-and-columns@^1.1.6:
  version "1.1.6"

load-json-file@^5.3.0:
  version "5.3.0"
  dependencies:
    graceful-fs "^4.1.15"
    parse-json "^4.0.0"
    pify "^4.0.1"
    strip-bom "^3.0.0"
    type-fest "^0.3.0"

locate-path@^5.0.0:
  version "5.0.0"
  dependencies:
    p-locate "^4.1.0"

locate-path@^6.0.0:
  version "6.0.0"
  dependencies:
    p-locate "^5.0.0"

lodash.clonedeep@^4.5.0:
  version "4.5.0"

lodash.get@^4.4.2:
  version "4.4.2"

lodash.merge@^4.6.2:
  version "4.6.2"

lodash.truncate@^4.4.2:
  version "4.4.2"

lodash@^4.17.13, lodash@^4.17.15, lodash@^4.17.19, lodash@^4.17.21, lodash@^4.17.4:
  version "4.17.21"

log-symbols@^4.0.0:
  version "4.1.0"
  dependencies:
    chalk "^4.1.0"
    is-unicode-supported "^0.1.0"

log-symbols@4.0.0:
  version "4.0.0"
  dependencies:
    chalk "^4.0.0"

loupe@^2.3.1:
  version "2.3.4"
  dependencies:
    get-func-name "^2.0.0"

lru-cache@^6.0.0:
  version "6.0.0"
  dependencies:
    yallist "^4.0.0"

make-error@^1.1.1:
  version "1.3.6"

map-obj@^1.0.0:
  version "1.0.1"

map-obj@^4.0.0:
  version "4.2.1"

meow@^8.0.0:
  version "8.1.2"
  dependencies:
    "@types/minimist" "^1.2.0"
    camelcase-keys "^6.2.2"
    decamelize-keys "^1.1.0"
    hard-rejection "^2.1.0"
    minimist-options "4.1.0"
    normalize-package-data "^3.0.0"
    read-pkg-up "^7.0.1"
    redent "^3.0.0"
    trim-newlines "^3.0.0"
    type-fest "^0.18.0"
    yargs-parser "^20.2.3"

meow@^9.0.0:
  version "9.0.0"
  dependencies:
    "@types/minimist" "^1.2.0"
    camelcase-keys "^6.2.2"
    decamelize "^1.2.0"
    decamelize-keys "^1.1.0"
    hard-rejection "^2.1.0"
    minimist-options "4.1.0"
    normalize-package-data "^3.0.0"
    read-pkg-up "^7.0.1"
    redent "^3.0.0"
    trim-newlines "^3.0.0"
    type-fest "^0.18.0"
    yargs-parser "^20.2.3"

merge-descriptors@~1.0.0:
  version "1.0.1"

merge2@^1.3.0, merge2@^1.4.1:
  version "1.4.1"

micromatch@^4.0.4:
  version "4.0.4"
  dependencies:
    braces "^3.0.1"
    picomatch "^2.2.3"

min-indent@^1.0.0:
  version "1.0.1"

minimatch@^3.0.4, minimatch@3.0.4:
  version "3.0.4"
  dependencies:
    brace-expansion "^1.1.7"

minimist-options@4.1.0:
  version "4.1.0"
  dependencies:
    arrify "^1.0.1"
    is-plain-obj "^1.1.0"
    kind-of "^6.0.3"

minimist@^1.2.3:
  version "1.2.7"

mocha@^8.4.0:
  version "8.4.0"
  dependencies:
    "@ungap/promise-all-settled" "1.1.2"
    ansi-colors "4.1.1"
    browser-stdout "1.3.1"
    chokidar "3.5.1"
    debug "4.3.1"
    diff "5.0.0"
    escape-string-regexp "4.0.0"
    find-up "5.0.0"
    glob "7.1.6"
    growl "1.10.5"
    he "1.2.0"
    js-yaml "4.0.0"
    log-symbols "4.0.0"
    minimatch "3.0.4"
    ms "2.1.3"
    nanoid "3.1.20"
    serialize-javascript "5.0.1"
    strip-json-comments "3.1.1"
    supports-color "8.1.1"
    which "2.0.2"
    wide-align "1.1.3"
    workerpool "6.1.0"
    yargs "16.2.0"
    yargs-parser "20.2.4"
    yargs-unparser "2.0.0"

mock-stdin@^1.0.0:
  version "1.0.0"

module-not-found-error@^1.0.1:
  version "1.0.1"

ms@2.1.2:
  version "2.1.2"

ms@2.1.3:
  version "2.1.3"

multimap@^1.1.0:
  version "1.1.0"

nanocolors@^0.1.0, nanocolors@^0.1.5:
  version "0.1.12"

nanoid@3.1.20:
  version "3.1.20"

natural-compare@^1.4.0:
  version "1.4.0"

natural-orderby@^2.0.3:
  version "2.0.3"

nice-try@^1.0.4:
  version "1.0.5"

nise@^5.1.0:
  version "5.1.0"
  dependencies:
    "@sinonjs/commons" "^1.7.0"
    "@sinonjs/fake-timers" "^7.0.4"
    "@sinonjs/text-encoding" "^0.7.1"
    just-extend "^4.0.2"
    path-to-regexp "^1.7.0"

nock@*, nock@^13.3.0:
  version "13.3.0"
  dependencies:
    debug "^4.1.0"
    json-stringify-safe "^5.0.1"
    lodash "^4.17.21"
    propagate "^2.0.0"

node-releases@^1.1.76:
  version "1.1.76"

normalize-package-data@^2.5.0:
  version "2.5.0"
  dependencies:
    hosted-git-info "^2.1.4"
    resolve "^1.10.0"
    semver "2 || 3 || 4 || 5"
    validate-npm-package-license "^3.0.1"

normalize-package-data@^3.0.0:
  version "3.0.2"
  dependencies:
    hosted-git-info "^4.0.1"
    resolve "^1.20.0"
    semver "^7.3.4"
    validate-npm-package-license "^3.0.1"

normalize-path@^3.0.0, normalize-path@~3.0.0:
  version "3.0.0"

npm-run-path@^4.0.1:
  version "4.0.1"
  dependencies:
    path-key "^3.0.0"

object-treeify@^1.1.33:
  version "1.1.33"

once@^1.3.0:
  version "1.4.0"
  dependencies:
    wrappy "1"

optionator@^0.9.1:
  version "0.9.1"
  dependencies:
    deep-is "^0.1.3"
    fast-levenshtein "^2.0.6"
    levn "^0.4.1"
    prelude-ls "^1.2.1"
    type-check "^0.4.0"
    word-wrap "^1.2.3"

p-limit@^2.2.0:
  version "2.3.0"
  dependencies:
    p-try "^2.0.0"

p-limit@^3.0.2:
  version "3.1.0"
  dependencies:
    yocto-queue "^0.1.0"

p-locate@^4.1.0:
  version "4.1.0"
  dependencies:
    p-limit "^2.2.0"

p-locate@^5.0.0:
  version "5.0.0"
  dependencies:
    p-limit "^3.0.2"

p-try@^2.0.0:
  version "2.2.0"

parent-module@^1.0.0:
  version "1.0.1"
  dependencies:
    callsites "^3.0.0"

parse-json@^4.0.0:
  version "4.0.0"
  dependencies:
    error-ex "^1.3.1"
    json-parse-better-errors "^1.0.1"

parse-json@^5.0.0:
  version "5.2.0"
  dependencies:
    "@babel/code-frame" "^7.0.0"
    error-ex "^1.3.1"
    json-parse-even-better-errors "^2.3.0"
    lines-and-columns "^1.1.6"

password-prompt@^1.1.2:
  version "1.1.2"
  dependencies:
    ansi-escapes "^3.1.0"
    cross-spawn "^6.0.5"

path-exists@^4.0.0:
  version "4.0.0"

path-is-absolute@^1.0.0:
  version "1.0.1"

path-key@^2.0.1:
  version "2.0.1"

path-key@^3.0.0, path-key@^3.1.0:
  version "3.1.1"

path-parse@^1.0.6:
  version "1.0.7"

path-to-regexp@^1.7.0:
  version "1.8.0"
  dependencies:
    isarray "0.0.1"

path-type@^4.0.0:
  version "4.0.0"

pathval@^1.1.1:
  version "1.1.1"

picomatch@^2.0.4, picomatch@^2.2.1, picomatch@^2.2.3:
  version "2.3.0"

pify@^4.0.1:
  version "4.0.1"

platform@^1.3.3:
  version "1.3.6"

plur@^4.0.0:
  version "4.0.0"
  dependencies:
    irregular-plurals "^3.2.0"

pluralize@^8.0.0:
  version "8.0.0"

prelude-ls@^1.2.1:
  version "1.2.1"

progress@^2.0.0:
  version "2.0.3"

propagate@^2.0.0:
  version "2.0.1"

proxyquire@^2.1.3:
  version "2.1.3"
  dependencies:
    fill-keys "^1.0.2"
    module-not-found-error "^1.0.1"
    resolve "^1.11.1"

punycode@^2.1.0:
  version "2.1.1"

q@^1.5.1:
  version "1.5.1"

queue-microtask@^1.2.2:
  version "1.2.3"

quick-lru@^4.0.1:
  version "4.0.1"

ramda@^0.27.1:
  version "0.27.1"

randombytes@^2.1.0:
  version "2.1.0"
  dependencies:
    safe-buffer "^5.1.0"

read-pkg-up@^7.0.0, read-pkg-up@^7.0.1:
  version "7.0.1"
  dependencies:
    find-up "^4.1.0"
    read-pkg "^5.2.0"
    type-fest "^0.8.1"

read-pkg@^5.2.0:
  version "5.2.0"
  dependencies:
    "@types/normalize-package-data" "^2.4.0"
    normalize-package-data "^2.5.0"
    parse-json "^5.0.0"
    type-fest "^0.6.0"

readable-stream@^3.0.0, readable-stream@3:
  version "3.6.0"
  dependencies:
    inherits "^2.0.3"
    string_decoder "^1.1.1"
    util-deprecate "^1.0.1"

readdirp@~3.5.0:
  version "3.5.0"
  dependencies:
    picomatch "^2.2.1"

rechoir@^0.6.2:
  version "0.6.2"
  dependencies:
    resolve "^1.1.6"

redent@^3.0.0:
  version "3.0.0"
  dependencies:
    indent-string "^4.0.0"
    strip-indent "^3.0.0"

redeyed@~2.1.0:
  version "2.1.1"
  dependencies:
    esprima "~4.0.0"

regexp-tree@^0.1.23, regexp-tree@~0.1.1:
  version "0.1.24"

regexpp@^3.0.0, regexpp@^3.1.0:
  version "3.2.0"

require-directory@^2.1.1:
  version "2.1.1"

require-from-string@^2.0.2:
  version "2.0.2"

resolve-from@^4.0.0:
  version "4.0.0"

resolve-from@^5.0.0, resolve-from@5.0.0:
  version "5.0.0"

resolve-global@^1.0.0, resolve-global@1.0.0:
  version "1.0.0"
  dependencies:
    global-dirs "^0.1.1"

resolve@^1.1.6, resolve@^1.10.0, resolve@^1.10.1, resolve@^1.11.1, resolve@^1.20.0:
  version "1.20.0"
  dependencies:
    is-core-module "^2.2.0"
    path-parse "^1.0.6"

reusify@^1.0.4:
  version "1.0.4"

rimraf@^3.0.2:
  version "3.0.2"
  dependencies:
    glob "^7.1.3"

run-parallel@^1.1.9:
  version "1.2.0"
  dependencies:
    queue-microtask "^1.2.2"

safe-buffer@^5.0.1, safe-buffer@^5.1.0, safe-buffer@~5.2.0:
  version "5.2.1"

safe-buffer@~5.1.1:
  version "5.1.2"

safe-regex@^2.1.1:
  version "2.1.1"
  dependencies:
    regexp-tree "~0.1.1"

semver@^5.5.0:
  version "5.7.1"

semver@^6.1.0:
  version "6.3.0"

semver@^6.3.0:
  version "6.3.0"

semver@^7.2.1, semver@^7.3.4, semver@^7.3.5, semver@^7.5.0, semver@^7.5.3:
  version "7.5.3"
  dependencies:
    lru-cache "^6.0.0"

"semver@2 || 3 || 4 || 5":
  version "5.7.1"

semver@7.3.5:
  version "7.3.5"
  dependencies:
    lru-cache "^6.0.0"

serialize-javascript@5.0.1:
  version "5.0.1"
  dependencies:
    randombytes "^2.1.0"

shebang-command@^1.2.0:
  version "1.2.0"
  dependencies:
    shebang-regex "^1.0.0"

shebang-command@^2.0.0:
  version "2.0.0"
  dependencies:
    shebang-regex "^3.0.0"

shebang-regex@^1.0.0:
  version "1.0.0"

shebang-regex@^3.0.0:
  version "3.0.0"

shelljs@^0.8.5:
  version "0.8.5"
  dependencies:
    glob "^7.0.0"
    interpret "^1.0.0"
    rechoir "^0.6.2"

shx@^0.3.4:
  version "0.3.4"
  dependencies:
    minimist "^1.2.3"
    shelljs "^0.8.5"

sinon@^11.1.2:
  version "11.1.2"
  dependencies:
    "@sinonjs/commons" "^1.8.3"
    "@sinonjs/fake-timers" "^7.1.2"
    "@sinonjs/samsam" "^6.0.2"
    diff "^5.0.0"
    nise "^5.1.0"
    supports-color "^7.2.0"

slash@^3.0.0:
  version "3.0.0"

slice-ansi@^4.0.0:
  version "4.0.0"
  dependencies:
    ansi-styles "^4.0.0"
    astral-regex "^2.0.0"
    is-fullwidth-code-point "^3.0.0"

source-map@^0.5.0:
  version "0.5.7"

spdx-correct@^3.0.0:
  version "3.1.1"
  dependencies:
    spdx-expression-parse "^3.0.0"
    spdx-license-ids "^3.0.0"

spdx-exceptions@^2.1.0:
  version "2.3.0"

spdx-expression-parse@^3.0.0:
  version "3.0.1"
  dependencies:
    spdx-exceptions "^2.1.0"
    spdx-license-ids "^3.0.0"

spdx-license-ids@^3.0.0:
  version "3.0.9"

split2@^3.0.0:
  version "3.2.2"
  dependencies:
    readable-stream "^3.0.0"

sprintf-js@~1.0.2:
  version "1.0.3"

stdout-stderr@^0.1.9:
  version "0.1.13"
  dependencies:
    debug "^4.1.1"
    strip-ansi "^6.0.0"

string_decoder@^1.1.1:
  version "1.3.0"
  dependencies:
    safe-buffer "~5.2.0"

"string-width@^1.0.2 || 2":
  version "2.1.1"
  dependencies:
    is-fullwidth-code-point "^2.0.0"
    strip-ansi "^4.0.0"

string-width@^4.0.0, string-width@^4.1.0, string-width@^4.2.0, string-width@^4.2.3:
  version "4.2.3"
  dependencies:
    emoji-regex "^8.0.0"
    is-fullwidth-code-point "^3.0.0"
    strip-ansi "^6.0.1"

strip-ansi@*:
  version "7.0.0"
  dependencies:
    ansi-regex "^6.0.0"

strip-ansi@^4.0.0:
  version "4.0.0"
  dependencies:
    ansi-regex "^3.0.0"

strip-ansi@^6.0.0, strip-ansi@^6.0.1:
  version "6.0.1"
  dependencies:
    ansi-regex "^5.0.1"

strip-bom@^3.0.0:
  version "3.0.0"

strip-indent@^3.0.0:
  version "3.0.0"
  dependencies:
    min-indent "^1.0.0"

strip-json-comments@^3.1.0, strip-json-comments@^3.1.1, strip-json-comments@3.1.1:
  version "3.1.1"

supports-color@^5.3.0:
  version "5.5.0"
  dependencies:
    has-flag "^3.0.0"

supports-color@^7.0.0:
  version "7.2.0"
  dependencies:
    has-flag "^4.0.0"

supports-color@^7.1.0:
  version "7.2.0"
  dependencies:
    has-flag "^4.0.0"

supports-color@^7.2.0:
  version "7.2.0"
  dependencies:
    has-flag "^4.0.0"

supports-color@^8.1.1, supports-color@8.1.1:
  version "8.1.1"
  dependencies:
    has-flag "^4.0.0"

supports-hyperlinks@^2.0.0, supports-hyperlinks@^2.2.0:
  version "2.2.0"
  dependencies:
    has-flag "^4.0.0"
    supports-color "^7.0.0"

table@^6.0.9:
  version "6.7.1"
  dependencies:
    ajv "^8.0.1"
    lodash.clonedeep "^4.5.0"
    lodash.truncate "^4.4.2"
    slice-ansi "^4.0.0"
    string-width "^4.2.0"
    strip-ansi "^6.0.0"

text-extensions@^1.0.0:
  version "1.9.0"

text-table@^0.2.0:
  version "0.2.0"

"through@>=2.2.7 <3":
  version "2.3.8"

through2@^4.0.0:
  version "4.0.2"
  dependencies:
    readable-stream "3"

to-fast-properties@^2.0.0:
  version "2.0.0"

to-regex-range@^5.0.1:
  version "5.0.1"
  dependencies:
    is-number "^7.0.0"

trim-newlines@^3.0.0:
  version "3.0.1"

trim-off-newlines@^1.0.0:
  version "1.0.1"

ts-node@^10.9.1:
  version "10.9.1"
  dependencies:
    "@cspotcode/source-map-support" "^0.8.0"
    "@tsconfig/node10" "^1.0.7"
    "@tsconfig/node12" "^1.0.7"
    "@tsconfig/node14" "^1.0.0"
    "@tsconfig/node16" "^1.0.2"
    acorn "^8.4.1"
    acorn-walk "^8.1.1"
    arg "^4.1.0"
    create-require "^1.1.0"
    diff "^4.0.1"
    make-error "^1.1.1"
    v8-compile-cache-lib "^3.0.1"
    yn "3.1.1"

tsd@^0.25.0:
  version "0.25.0"
  dependencies:
    "@tsd/typescript" "~4.9.3"
    eslint-formatter-pretty "^4.1.0"
    globby "^11.0.1"
    meow "^9.0.0"
    path-exists "^4.0.0"
    read-pkg-up "^7.0.0"

tslib@^1.8.1:
  version "1.14.1"

tslib@^2, tslib@^2.4.1, tslib@^2.5.0:
  version "2.5.0"

tsutils@^3.21.0:
  version "3.21.0"
  dependencies:
    tslib "^1.8.1"

tunnel-agent@^0.6.0:
  version "0.6.0"
  dependencies:
    safe-buffer "^5.0.1"

type-check@^0.4.0, type-check@~0.4.0:
  version "0.4.0"
  dependencies:
    prelude-ls "^1.2.1"

type-detect@^4.0.0, type-detect@^4.0.5, type-detect@^4.0.8, type-detect@4.0.8:
  version "4.0.8"

type-fest@^0.18.0:
  version "0.18.1"

type-fest@^0.20.2:
  version "0.20.2"

type-fest@^0.21.3:
  version "0.21.3"

type-fest@^0.3.0:
  version "0.3.1"

type-fest@^0.6.0:
  version "0.6.0"

type-fest@^0.8.1:
  version "0.8.1"

typescript@^4.9.5, typescript@>=2.7, "typescript@>=2.8.0 || >= 3.2.0-dev || >= 3.3.0-dev || >= 3.4.0-dev || >= 3.5.0-dev || >= 3.6.0-dev || >= 3.6.0-beta || >= 3.7.0-dev || >= 3.7.0-beta":
  version "4.9.5"

universalify@^2.0.0:
  version "2.0.0"

uri-js@^4.2.2:
  version "4.4.1"
  dependencies:
    punycode "^2.1.0"

util-deprecate@^1.0.1:
  version "1.0.2"

v8-compile-cache-lib@^3.0.1:
  version "3.0.1"

v8-compile-cache@^2.0.3:
  version "2.3.0"

validate-npm-package-license@^3.0.1:
  version "3.0.4"
  dependencies:
    spdx-correct "^3.0.0"
    spdx-expression-parse "^3.0.0"

which@^1.2.9:
  version "1.3.1"
  dependencies:
    isexe "^2.0.0"

which@^2.0.1, which@2.0.2:
  version "2.0.2"
  dependencies:
    isexe "^2.0.0"

wide-align@1.1.3:
  version "1.1.3"
  dependencies:
    string-width "^1.0.2 || 2"

widest-line@^3.1.0:
  version "3.1.0"
  dependencies:
    string-width "^4.0.0"

word-wrap@^1.2.3:
  version "1.2.3"

wordwrap@^1.0.0:
  version "1.0.0"

workerpool@6.1.0:
  version "6.1.0"

wrap-ansi@^7.0.0:
  version "7.0.0"
  dependencies:
    ansi-styles "^4.0.0"
    string-width "^4.1.0"
    strip-ansi "^6.0.0"

wrappy@1:
  version "1.0.2"

y18n@^5.0.5:
  version "5.0.8"

yallist@^4.0.0:
  version "4.0.0"

yaml@^1.10.0:
  version "1.10.2"

yargs-parser@^20.2.2, yargs-parser@^20.2.3:
  version "20.2.9"

yargs-parser@20.2.4:
  version "20.2.4"

yargs-unparser@2.0.0:
  version "2.0.0"
  dependencies:
    camelcase "^6.0.0"
    decamelize "^4.0.0"
    flat "^5.0.2"
    is-plain-obj "^2.1.0"

yargs@^16.2.0, yargs@16.2.0:
  version "16.2.0"
  dependencies:
    cliui "^7.0.2"
    escalade "^3.1.1"
    get-caller-file "^2.0.5"
    require-directory "^2.1.1"
    string-width "^4.2.0"
    y18n "^5.0.5"
    yargs-parser "^20.2.2"

yarn@^1.22.18:
  version "1.22.19"

yn@3.1.1:
  version "3.1.1"

yocto-queue@^0.1.0:
  version "0.1.0"
